
Microsoft Visual Studio Solution File, Format Version 12.00
# Visual Studio Version 16
VisualStudioVersion = 16.0.30225.117
MinimumVisualStudioVersion = 10.0.40219.1
Project("{FAE04EC0-301F-11D3-BF4B-00C04F79EFBC}") = "Joystick Mouse", "Joystick Mouse\Joystick Mouse.csproj", "{5590414F-9E44-49E6-942E-FDFD04824D4B}"
EndProject
Global
	GlobalSection(SolutionConfigurationPlatforms) = preSolution
		Debug|Any CPU = Debug|Any CPU
		Release|Any CPU = Release|Any CPU
	EndGlobalSection
	GlobalSection(ProjectConfigurationPlatforms) = postSolution
		{5590414F-9E44-49E6-942E-FDFD04824D4B}.Debug|Any CPU.ActiveCfg = Debug|Any CPU
		{5590414F-9E44-49E6-942E-FDFD04824D4B}.Debug|Any CPU.Build.0 = Debug|Any CPU
		{5590414F-9E44-49E6-942E-FDFD04824D4B}.Release|Any CPU.ActiveCfg = Release|Any CPU
		{5590414F-9E44-49E6-942E-FDFD04824D4B}.Release|Any CPU.Build.0 = Release|Any CPU
	EndGlobalSection
	GlobalSection(SolutionProperties) = preSolution
		HideSolutionNode = FALSE
	EndGlobalSection
	GlobalSection(ExtensibilityGlobals) = postSolution
		SolutionGuid = {ACFB01E4-4090-46B1-8EC4-2DC183F11FAF}
	EndGlobalSection
EndGlobal
